
Microsoft Visual Studio Solution File, Format Version 11.00
# Visual Studio 2010
Project("{FAE04EC0-301F-11D3-BF4B-00C04F79EFBC}") = "myGitExt", "myGitExt\myGitExt.csproj", "{6196ADD6-FC55-42D5-BAE1-66259B717F8D}"
EndProject
Global
	GlobalSection(SolutionConfigurationPlatforms) = preSolution
		Debug|x86 = Debug|x86
		Release|x86 = Release|x86
	EndGlobalSection
	GlobalSection(ProjectConfigurationPlatforms) = postSolution
		{6196ADD6-FC55-42D5-BAE1-66259B717F8D}.Debug|x86.ActiveCfg = Debug|x86
		{6196ADD6-FC55-42D5-BAE1-66259B717F8D}.Debug|x86.Build.0 = Debug|x86
		{6196ADD6-FC55-42D5-BAE1-66259B717F8D}.Release|x86.ActiveCfg = Release|x86
		{6196ADD6-FC55-42D5-BAE1-66259B717F8D}.Release|x86.Build.0 = Release|x86
	EndGlobalSection
	GlobalSection(SolutionProperties) = preSolution
		HideSolutionNode = FALSE
	EndGlobalSection
EndGlobal
